
Microsoft Visual Studio Solution File, Format Version 10.00
# Visual Studio 2008
Project("{57B76CF8-F148-40C5-BE9B-5C5EFB1ACA14}") = "txtrevise", "txtrevise.pyproj", "{D5A11545-C7D4-4EDD-BC94-5112BCE754DA}"
EndProject
Global
	GlobalSection(SolutionConfigurationPlatforms) = preSolution
		Debug|Any CPU = Debug|Any CPU
		Release|Any CPU = Release|Any CPU
	EndGlobalSection
	GlobalSection(ProjectConfigurationPlatforms) = postSolution
		{D5A11545-C7D4-4EDD-BC94-5112BCE754DA}.Debug|Any CPU.ActiveCfg = Debug|Any CPU
		{D5A11545-C7D4-4EDD-BC94-5112BCE754DA}.Debug|Any CPU.Build.0 = Debug|Any CPU
		{D5A11545-C7D4-4EDD-BC94-5112BCE754DA}.Release|Any CPU.ActiveCfg = Release|Any CPU
		{D5A11545-C7D4-4EDD-BC94-5112BCE754DA}.Release|Any CPU.Build.0 = Release|Any CPU
	EndGlobalSection
	GlobalSection(SolutionProperties) = preSolution
		HideSolutionNode = FALSE
	EndGlobalSection
EndGlobal
