
Microsoft Visual Studio Solution File, Format Version 10.00
# Visual Studio 2008
Project("{57B76CF8-F148-40C5-BE9B-5C5EFB1ACA14}") = "txtrevise", "txtrevise.pyproj", "{B5E51E7C-BE4A-41EB-B8D5-85AD5DDF51EC}"
EndProject
Global
	GlobalSection(SolutionConfigurationPlatforms) = preSolution
		Debug|Any CPU = Debug|Any CPU
		Release|Any CPU = Release|Any CPU
	EndGlobalSection
	GlobalSection(ProjectConfigurationPlatforms) = postSolution
		{B5E51E7C-BE4A-41EB-B8D5-85AD5DDF51EC}.Debug|Any CPU.ActiveCfg = Debug|Any CPU
		{B5E51E7C-BE4A-41EB-B8D5-85AD5DDF51EC}.Debug|Any CPU.Build.0 = Debug|Any CPU
		{B5E51E7C-BE4A-41EB-B8D5-85AD5DDF51EC}.Release|Any CPU.ActiveCfg = Release|Any CPU
		{B5E51E7C-BE4A-41EB-B8D5-85AD5DDF51EC}.Release|Any CPU.Build.0 = Release|Any CPU
	EndGlobalSection
	GlobalSection(SolutionProperties) = preSolution
		HideSolutionNode = FALSE
	EndGlobalSection
EndGlobal
