
Microsoft Visual Studio Solution File, Format Version 10.00
# Visual Studio 2008
Project("{FAE04EC0-301F-11D3-BF4B-00C04F79EFBC}") = "CaesarSharp", "CaesarSharp.csproj", "{8797B75C-DB8C-4996-BA18-D6394B0786EC}"
EndProject
Global
	GlobalSection(SolutionConfigurationPlatforms) = preSolution
		Debug|Any CPU = Debug|Any CPU
		Release|Any CPU = Release|Any CPU
	EndGlobalSection
	GlobalSection(ProjectConfigurationPlatforms) = postSolution
		{8797B75C-DB8C-4996-BA18-D6394B0786EC}.Debug|Any CPU.ActiveCfg = Debug|Any CPU
		{8797B75C-DB8C-4996-BA18-D6394B0786EC}.Debug|Any CPU.Build.0 = Debug|Any CPU
		{8797B75C-DB8C-4996-BA18-D6394B0786EC}.Release|Any CPU.ActiveCfg = Release|Any CPU
		{8797B75C-DB8C-4996-BA18-D6394B0786EC}.Release|Any CPU.Build.0 = Release|Any CPU
	EndGlobalSection
	GlobalSection(SolutionProperties) = preSolution
		HideSolutionNode = FALSE
	EndGlobalSection
EndGlobal
