
Microsoft Visual Studio Solution File, Format Version 10.00
# Visual Studio 2008
Project("{8BC9CEB8-8B4A-11D0-8D11-00A0C91BC942}") = "smtps_cpp", "smtps_cpp.vcproj", "{DD250CD6-4D3B-43AF-B154-F369809E2DF9}"
EndProject
Global
	GlobalSection(SolutionConfigurationPlatforms) = preSolution
		Debug|Win32 = Debug|Win32
		Release|Win32 = Release|Win32
	EndGlobalSection
	GlobalSection(ProjectConfigurationPlatforms) = postSolution
		{DD250CD6-4D3B-43AF-B154-F369809E2DF9}.Debug|Win32.ActiveCfg = Debug|Win32
		{DD250CD6-4D3B-43AF-B154-F369809E2DF9}.Debug|Win32.Build.0 = Debug|Win32
		{DD250CD6-4D3B-43AF-B154-F369809E2DF9}.Release|Win32.ActiveCfg = Release|Win32
		{DD250CD6-4D3B-43AF-B154-F369809E2DF9}.Release|Win32.Build.0 = Release|Win32
	EndGlobalSection
	GlobalSection(SolutionProperties) = preSolution
		HideSolutionNode = FALSE
	EndGlobalSection
EndGlobal
