
Microsoft Visual Studio Solution File, Format Version 10.00
# Visual Studio 2008
Project("{FAE04EC0-301F-11D3-BF4B-00C04F79EFBC}") = "CaesarCipherGUI", "CaesarCipherGUI.csproj", "{132C0A01-240F-431F-9989-AF9CB787E792}"
EndProject
Global
	GlobalSection(SolutionConfigurationPlatforms) = preSolution
		Debug|Any CPU = Debug|Any CPU
		Release|Any CPU = Release|Any CPU
	EndGlobalSection
	GlobalSection(ProjectConfigurationPlatforms) = postSolution
		{132C0A01-240F-431F-9989-AF9CB787E792}.Debug|Any CPU.ActiveCfg = Debug|Any CPU
		{132C0A01-240F-431F-9989-AF9CB787E792}.Debug|Any CPU.Build.0 = Debug|Any CPU
		{132C0A01-240F-431F-9989-AF9CB787E792}.Release|Any CPU.ActiveCfg = Release|Any CPU
		{132C0A01-240F-431F-9989-AF9CB787E792}.Release|Any CPU.Build.0 = Release|Any CPU
	EndGlobalSection
	GlobalSection(SolutionProperties) = preSolution
		HideSolutionNode = FALSE
	EndGlobalSection
EndGlobal
